
Microsoft Visual Studio Solution File, Format Version 12.00
# Visual Studio 15
VisualStudioVersion = 15.0.27130.2036
MinimumVisualStudioVersion = 10.0.40219.1
Project("{FAE04EC0-301F-11D3-BF4B-00C04F79EFBC}") = "EventLogAggregator", "EventLogAggregator\EventLogAggregator.csproj", "{C829A1F0-3F24-42CA-9CCC-EB0513D1E868}"
EndProject
Global
	GlobalSection(SolutionConfigurationPlatforms) = preSolution
		Debug|Any CPU = Debug|Any CPU
		Release|Any CPU = Release|Any CPU
	EndGlobalSection
	GlobalSection(ProjectConfigurationPlatforms) = postSolution
		{C829A1F0-3F24-42CA-9CCC-EB0513D1E868}.Debug|Any CPU.ActiveCfg = Debug|Any CPU
		{C829A1F0-3F24-42CA-9CCC-EB0513D1E868}.Debug|Any CPU.Build.0 = Debug|Any CPU
		{C829A1F0-3F24-42CA-9CCC-EB0513D1E868}.Release|Any CPU.ActiveCfg = Release|Any CPU
		{C829A1F0-3F24-42CA-9CCC-EB0513D1E868}.Release|Any CPU.Build.0 = Release|Any CPU
	EndGlobalSection
	GlobalSection(SolutionProperties) = preSolution
		HideSolutionNode = FALSE
	EndGlobalSection
	GlobalSection(ExtensibilityGlobals) = postSolution
		SolutionGuid = {D65F3DEA-A846-4ABA-A65B-12EBA257E42A}
	EndGlobalSection
EndGlobal
